
Microsoft Visual Studio Solution File, Format Version 12.00
# Visual Studio Version 17
VisualStudioVersion = 17.10.35013.160
MinimumVisualStudioVersion = 10.0.40219.1
Project("{9A19103F-16F7-4668-BE54-9A1E7A4F7556}") = "MigratoryBirds", "MigratoryBirds\MigratoryBirds.csproj", "{140C12C8-8ED9-4853-B6C5-E7D3552D7577}"
EndProject
Project("{9A19103F-16F7-4668-BE54-9A1E7A4F7556}") = "Encryption", "Encryption\Encryption.csproj", "{8EDC356C-3CF3-46D9-825F-5AFA6E470A68}"
EndProject
Project("{9A19103F-16F7-4668-BE54-9A1E7A4F7556}") = "ClimbingLeaderboard", "ClimbingLeaderboard\ClimbingLeaderboard.csproj", "{CAE24249-8853-4409-9048-6568823C3E60}"
EndProject
Project("{9A19103F-16F7-4668-BE54-9A1E7A4F7556}") = "CircularArrayRotation", "CircularArrayRotation\CircularArrayRotation.csproj", "{8BD2887E-21F8-4BD2-88F1-A569F8EDE399}"
EndProject
Project("{9A19103F-16F7-4668-BE54-9A1E7A4F7556}") = "ExtraLongFactorials", "ExtraLongFactorials\ExtraLongFactorials.csproj", "{08F09AA8-7600-42B9-8C61-1C55AD90DEA1}"
EndProject
Project("{9A19103F-16F7-4668-BE54-9A1E7A4F7556}") = "FlatlandSpaceStations", "FlatlandSpaceStations\FlatlandSpaceStations.csproj", "{BE1A136B-0044-41AC-B7B8-920C875737C1}"
EndProject
Project("{9A19103F-16F7-4668-BE54-9A1E7A4F7556}") = "1360.NumberofDaysBetweenTwoDates", "1360.NumberofDaysBetweenTwoDates\1360.NumberofDaysBetweenTwoDates.csproj", "{11C2F972-4A0D-49D7-AB5A-672075C778EA}"
EndProject
Project("{9A19103F-16F7-4668-BE54-9A1E7A4F7556}") = "125.ValidPalindrome", "125.ValidPalindrome\125.ValidPalindrome.csproj", "{1D8E396B-6F8E-408C-927C-4BDF2F7ADDB1}"
EndProject
Project("{9A19103F-16F7-4668-BE54-9A1E7A4F7556}") = "121.BestTimetoBuyandSellStock", "121.BestTimetoBuyandSellStock\121.BestTimetoBuyandSellStock.csproj", "{0B23211F-E48B-4028-88A7-B7C31599B59C}"
EndProject
Project("{9A19103F-16F7-4668-BE54-9A1E7A4F7556}") = "1991.FindtheMiddleIndexinArray", "1991.FindtheMiddleIndexinArray\1991.FindtheMiddleIndexinArray.csproj", "{7BD157A6-84BA-471C-B574-8F5F431D5FCE}"
EndProject
Project("{9A19103F-16F7-4668-BE54-9A1E7A4F7556}") = "143.ReorderList", "143.ReorderList\143.ReorderList.csproj", "{F00943D4-6636-413D-BA95-F16F53AC927C}"
EndProject
Project("{9A19103F-16F7-4668-BE54-9A1E7A4F7556}") = "21.MergeTwoSortedLists", "21.MergeTwoSortedLists\21.MergeTwoSortedLists.csproj", "{1A8EAB66-CAAA-4FCE-8F6D-E1199034F2DB}"
EndProject
Project("{9A19103F-16F7-4668-BE54-9A1E7A4F7556}") = "141.LinkedListCycle", "141.LinkedListCycle\141.LinkedListCycle.csproj", "{0F956134-745B-49EF-967A-AACE3BA12001}"
EndProject
Project("{FAE04EC0-301F-11D3-BF4B-00C04F79EFBC}") = "496.NextGreaterElementI", "496.NextGreaterElementI\496.NextGreaterElementI.csproj", "{DEF643C0-4A88-4F11-8086-0F1E9D63807C}"
EndProject
Project("{FAE04EC0-301F-11D3-BF4B-00C04F79EFBC}") = "215.KthLargestElementinanArray", "215.KthLargestElementinanArray\215.KthLargestElementinanArray.csproj", "{C7D49E0A-F23D-4140-9AAA-F9015507C918}"
EndProject
Project("{FAE04EC0-301F-11D3-BF4B-00C04F79EFBC}") = "973.KClosestPointsToOrigin", "973.KClosestPointsToOrigin\973.KClosestPointsToOrigin.csproj", "{23A25A0A-0D7F-49B3-B8D4-BD6693A66387}"
EndProject
Project("{FAE04EC0-301F-11D3-BF4B-00C04F79EFBC}") = "347.TopKFrequentElements", "347.TopKFrequentElements\347.TopKFrequentElements.csproj", "{22CB5063-D83E-4B53-A62F-B7BFE13A7442}"
EndProject
Project("{FAE04EC0-301F-11D3-BF4B-00C04F79EFBC}") = "1.TwoSum", "1.TwoSum\1.TwoSum.csproj", "{4ADAFAEB-A76A-48FF-BCA5-D0C4110EEE31}"
EndProject
Project("{FAE04EC0-301F-11D3-BF4B-00C04F79EFBC}") = "242.ValidAnagram", "242.ValidAnagram\242.ValidAnagram.csproj", "{BC4AC7FA-5070-4BAB-80BD-718C64A6EA00}"
EndProject
Project("{FAE04EC0-301F-11D3-BF4B-00C04F79EFBC}") = "49.GroupAnagrams", "49.GroupAnagrams\49.GroupAnagrams.csproj", "{D14B1721-93E0-422F-9CD4-CEA3185BC0FF}"
EndProject
Project("{FAE04EC0-301F-11D3-BF4B-00C04F79EFBC}") = "1207. UniqueNumberOfOccurrences", "1207. UniqueNumberOfOccurrences\1207. UniqueNumberOfOccurrences.csproj", "{20801C65-F0A2-43A9-BAFF-015F192C78BE}"
EndProject
Project("{FAE04EC0-301F-11D3-BF4B-00C04F79EFBC}") = "217.ContainsDuplicate", "217.ContainsDuplicate\217.ContainsDuplicate.csproj", "{0BA72CE5-D9CD-4178-9253-0DF55F44BBC9}"
EndProject
Project("{FAE04EC0-301F-11D3-BF4B-00C04F79EFBC}") = "268.MissingNumber", "268.MissingNumber\268.MissingNumber.csproj", "{13B80AA6-0FAE-489F-9DF7-F74CD29317EC}"
EndProject
Project("{FAE04EC0-301F-11D3-BF4B-00C04F79EFBC}") = "287.FindtheDuplicateNumber", "287.FindtheDuplicateNumber\287.FindtheDuplicateNumber.csproj", "{0392DC62-8BE8-4B2B-911A-60C8E120DD00}"
EndProject
Project("{FAE04EC0-301F-11D3-BF4B-00C04F79EFBC}") = "953.VerifyingAnAlienDictionary", "953.VerifyingAnAlienDictionary\953.VerifyingAnAlienDictionary.csproj", "{B8A1C4BA-A1C1-42C7-BEF8-50A3273F4049}"
EndProject
Project("{FAE04EC0-301F-11D3-BF4B-00C04F79EFBC}") = "846.HandOfStraights", "846.HandOfStraights\846.HandOfStraights.csproj", "{1A4D4607-5EAA-4DD6-9A1B-3C68DA0C8467}"
EndProject
Project("{FAE04EC0-301F-11D3-BF4B-00C04F79EFBC}") = "104.MaximumDepthOfBinaryTree", "104.MaximumDepthOfBinaryTree\104.MaximumDepthOfBinaryTree.csproj", "{F5784266-9187-440C-ACE0-E51795469575}"
EndProject
Project("{FAE04EC0-301F-11D3-BF4B-00C04F79EFBC}") = "958.CheckCompletenessOfABinaryTree", "958.CheckCompletenessOfABinaryTree\958.CheckCompletenessOfABinaryTree.csproj", "{6041BC6D-9E9A-4401-AE66-2E4A0A20A090}"
EndProject
Project("{FAE04EC0-301F-11D3-BF4B-00C04F79EFBC}") = "103.BinaryTreeZigzagLevelOrderTraversal", "103.BinaryTreeZigzagLevelOrderTraversal\103.BinaryTreeZigzagLevelOrderTraversal.csproj", "{5202CC75-2B47-4CA8-9A00-9DF1EE61B12B}"
EndProject
Project("{FAE04EC0-301F-11D3-BF4B-00C04F79EFBC}") = "543.DiameterOfBinaryTree", "543.DiameterOfBinaryTree\543.DiameterOfBinaryTree.csproj", "{00D92F33-7632-43AD-ADE3-2019B7B962A7}"
EndProject
Project("{FAE04EC0-301F-11D3-BF4B-00C04F79EFBC}") = "112.PathSum", "112.PathSum\112.PathSum.csproj", "{9CBE997B-42F3-4072-82EF-17886E564022}"
EndProject
Project("{FAE04EC0-301F-11D3-BF4B-00C04F79EFBC}") = "101.SymmetricTree", "101.SymmetricTree\101.SymmetricTree.csproj", "{9538CC32-A189-400F-8BDE-16374D9445C1}"
EndProject
Project("{FAE04EC0-301F-11D3-BF4B-00C04F79EFBC}") = "145.BinaryTreePostorderTraversal", "145.BinaryTreePostorderTraversal\145.BinaryTreePostorderTraversal.csproj", "{B2D9C541-7635-42F4-9F73-527D3681099E}"
EndProject
Project("{FAE04EC0-301F-11D3-BF4B-00C04F79EFBC}") = "94.BinaryTreeInorderTraversal", "94.BinaryTreeInorderTraversal\94.BinaryTreeInorderTraversal.csproj", "{D59EA071-B659-45BB-8E58-09049C76CE27}"
EndProject
Project("{FAE04EC0-301F-11D3-BF4B-00C04F79EFBC}") = "530.MinimumAbsoluteDifferenceInBST", "530.MinimumAbsoluteDifferenceInBST\530.MinimumAbsoluteDifferenceInBST.csproj", "{3961ECEA-DDB0-4855-8FCA-EAF6180B3E33}"
EndProject
Global
	GlobalSection(SolutionConfigurationPlatforms) = preSolution
		Debug|Any CPU = Debug|Any CPU
		Release|Any CPU = Release|Any CPU
	EndGlobalSection
	GlobalSection(ProjectConfigurationPlatforms) = postSolution
		{140C12C8-8ED9-4853-B6C5-E7D3552D7577}.Debug|Any CPU.ActiveCfg = Debug|Any CPU
		{140C12C8-8ED9-4853-B6C5-E7D3552D7577}.Debug|Any CPU.Build.0 = Debug|Any CPU
		{140C12C8-8ED9-4853-B6C5-E7D3552D7577}.Release|Any CPU.ActiveCfg = Release|Any CPU
		{140C12C8-8ED9-4853-B6C5-E7D3552D7577}.Release|Any CPU.Build.0 = Release|Any CPU
		{8EDC356C-3CF3-46D9-825F-5AFA6E470A68}.Debug|Any CPU.ActiveCfg = Debug|Any CPU
		{8EDC356C-3CF3-46D9-825F-5AFA6E470A68}.Debug|Any CPU.Build.0 = Debug|Any CPU
		{8EDC356C-3CF3-46D9-825F-5AFA6E470A68}.Release|Any CPU.ActiveCfg = Release|Any CPU
		{8EDC356C-3CF3-46D9-825F-5AFA6E470A68}.Release|Any CPU.Build.0 = Release|Any CPU
		{CAE24249-8853-4409-9048-6568823C3E60}.Debug|Any CPU.ActiveCfg = Debug|Any CPU
		{CAE24249-8853-4409-9048-6568823C3E60}.Debug|Any CPU.Build.0 = Debug|Any CPU
		{CAE24249-8853-4409-9048-6568823C3E60}.Release|Any CPU.ActiveCfg = Release|Any CPU
		{CAE24249-8853-4409-9048-6568823C3E60}.Release|Any CPU.Build.0 = Release|Any CPU
		{8BD2887E-21F8-4BD2-88F1-A569F8EDE399}.Debug|Any CPU.ActiveCfg = Debug|Any CPU
		{8BD2887E-21F8-4BD2-88F1-A569F8EDE399}.Debug|Any CPU.Build.0 = Debug|Any CPU
		{8BD2887E-21F8-4BD2-88F1-A569F8EDE399}.Release|Any CPU.ActiveCfg = Release|Any CPU
		{8BD2887E-21F8-4BD2-88F1-A569F8EDE399}.Release|Any CPU.Build.0 = Release|Any CPU
		{08F09AA8-7600-42B9-8C61-1C55AD90DEA1}.Debug|Any CPU.ActiveCfg = Debug|Any CPU
		{08F09AA8-7600-42B9-8C61-1C55AD90DEA1}.Debug|Any CPU.Build.0 = Debug|Any CPU
		{08F09AA8-7600-42B9-8C61-1C55AD90DEA1}.Release|Any CPU.ActiveCfg = Release|Any CPU
		{08F09AA8-7600-42B9-8C61-1C55AD90DEA1}.Release|Any CPU.Build.0 = Release|Any CPU
		{BE1A136B-0044-41AC-B7B8-920C875737C1}.Debug|Any CPU.ActiveCfg = Debug|Any CPU
		{BE1A136B-0044-41AC-B7B8-920C875737C1}.Debug|Any CPU.Build.0 = Debug|Any CPU
		{BE1A136B-0044-41AC-B7B8-920C875737C1}.Release|Any CPU.ActiveCfg = Release|Any CPU
		{BE1A136B-0044-41AC-B7B8-920C875737C1}.Release|Any CPU.Build.0 = Release|Any CPU
		{11C2F972-4A0D-49D7-AB5A-672075C778EA}.Debug|Any CPU.ActiveCfg = Debug|Any CPU
		{11C2F972-4A0D-49D7-AB5A-672075C778EA}.Debug|Any CPU.Build.0 = Debug|Any CPU
		{11C2F972-4A0D-49D7-AB5A-672075C778EA}.Release|Any CPU.ActiveCfg = Release|Any CPU
		{11C2F972-4A0D-49D7-AB5A-672075C778EA}.Release|Any CPU.Build.0 = Release|Any CPU
		{1D8E396B-6F8E-408C-927C-4BDF2F7ADDB1}.Debug|Any CPU.ActiveCfg = Debug|Any CPU
		{1D8E396B-6F8E-408C-927C-4BDF2F7ADDB1}.Debug|Any CPU.Build.0 = Debug|Any CPU
		{1D8E396B-6F8E-408C-927C-4BDF2F7ADDB1}.Release|Any CPU.ActiveCfg = Release|Any CPU
		{1D8E396B-6F8E-408C-927C-4BDF2F7ADDB1}.Release|Any CPU.Build.0 = Release|Any CPU
		{0B23211F-E48B-4028-88A7-B7C31599B59C}.Debug|Any CPU.ActiveCfg = Debug|Any CPU
		{0B23211F-E48B-4028-88A7-B7C31599B59C}.Debug|Any CPU.Build.0 = Debug|Any CPU
		{0B23211F-E48B-4028-88A7-B7C31599B59C}.Release|Any CPU.ActiveCfg = Release|Any CPU
		{0B23211F-E48B-4028-88A7-B7C31599B59C}.Release|Any CPU.Build.0 = Release|Any CPU
		{7BD157A6-84BA-471C-B574-8F5F431D5FCE}.Debug|Any CPU.ActiveCfg = Debug|Any CPU
		{7BD157A6-84BA-471C-B574-8F5F431D5FCE}.Debug|Any CPU.Build.0 = Debug|Any CPU
		{7BD157A6-84BA-471C-B574-8F5F431D5FCE}.Release|Any CPU.ActiveCfg = Release|Any CPU
		{7BD157A6-84BA-471C-B574-8F5F431D5FCE}.Release|Any CPU.Build.0 = Release|Any CPU
		{F00943D4-6636-413D-BA95-F16F53AC927C}.Debug|Any CPU.ActiveCfg = Debug|Any CPU
		{F00943D4-6636-413D-BA95-F16F53AC927C}.Debug|Any CPU.Build.0 = Debug|Any CPU
		{F00943D4-6636-413D-BA95-F16F53AC927C}.Release|Any CPU.ActiveCfg = Release|Any CPU
		{F00943D4-6636-413D-BA95-F16F53AC927C}.Release|Any CPU.Build.0 = Release|Any CPU
		{1A8EAB66-CAAA-4FCE-8F6D-E1199034F2DB}.Debug|Any CPU.ActiveCfg = Debug|Any CPU
		{1A8EAB66-CAAA-4FCE-8F6D-E1199034F2DB}.Debug|Any CPU.Build.0 = Debug|Any CPU
		{1A8EAB66-CAAA-4FCE-8F6D-E1199034F2DB}.Release|Any CPU.ActiveCfg = Release|Any CPU
		{1A8EAB66-CAAA-4FCE-8F6D-E1199034F2DB}.Release|Any CPU.Build.0 = Release|Any CPU
		{0F956134-745B-49EF-967A-AACE3BA12001}.Debug|Any CPU.ActiveCfg = Debug|Any CPU
		{0F956134-745B-49EF-967A-AACE3BA12001}.Debug|Any CPU.Build.0 = Debug|Any CPU
		{0F956134-745B-49EF-967A-AACE3BA12001}.Release|Any CPU.ActiveCfg = Release|Any CPU
		{0F956134-745B-49EF-967A-AACE3BA12001}.Release|Any CPU.Build.0 = Release|Any CPU
		{DEF643C0-4A88-4F11-8086-0F1E9D63807C}.Debug|Any CPU.ActiveCfg = Debug|Any CPU
		{DEF643C0-4A88-4F11-8086-0F1E9D63807C}.Debug|Any CPU.Build.0 = Debug|Any CPU
		{DEF643C0-4A88-4F11-8086-0F1E9D63807C}.Release|Any CPU.ActiveCfg = Release|Any CPU
		{DEF643C0-4A88-4F11-8086-0F1E9D63807C}.Release|Any CPU.Build.0 = Release|Any CPU
		{C7D49E0A-F23D-4140-9AAA-F9015507C918}.Debug|Any CPU.ActiveCfg = Debug|Any CPU
		{C7D49E0A-F23D-4140-9AAA-F9015507C918}.Debug|Any CPU.Build.0 = Debug|Any CPU
		{C7D49E0A-F23D-4140-9AAA-F9015507C918}.Release|Any CPU.ActiveCfg = Release|Any CPU
		{C7D49E0A-F23D-4140-9AAA-F9015507C918}.Release|Any CPU.Build.0 = Release|Any CPU
		{23A25A0A-0D7F-49B3-B8D4-BD6693A66387}.Debug|Any CPU.ActiveCfg = Debug|Any CPU
		{23A25A0A-0D7F-49B3-B8D4-BD6693A66387}.Debug|Any CPU.Build.0 = Debug|Any CPU
		{23A25A0A-0D7F-49B3-B8D4-BD6693A66387}.Release|Any CPU.ActiveCfg = Release|Any CPU
		{23A25A0A-0D7F-49B3-B8D4-BD6693A66387}.Release|Any CPU.Build.0 = Release|Any CPU
		{22CB5063-D83E-4B53-A62F-B7BFE13A7442}.Debug|Any CPU.ActiveCfg = Debug|Any CPU
		{22CB5063-D83E-4B53-A62F-B7BFE13A7442}.Debug|Any CPU.Build.0 = Debug|Any CPU
		{22CB5063-D83E-4B53-A62F-B7BFE13A7442}.Release|Any CPU.ActiveCfg = Release|Any CPU
		{22CB5063-D83E-4B53-A62F-B7BFE13A7442}.Release|Any CPU.Build.0 = Release|Any CPU
		{4ADAFAEB-A76A-48FF-BCA5-D0C4110EEE31}.Debug|Any CPU.ActiveCfg = Debug|Any CPU
		{4ADAFAEB-A76A-48FF-BCA5-D0C4110EEE31}.Debug|Any CPU.Build.0 = Debug|Any CPU
		{4ADAFAEB-A76A-48FF-BCA5-D0C4110EEE31}.Release|Any CPU.ActiveCfg = Release|Any CPU
		{4ADAFAEB-A76A-48FF-BCA5-D0C4110EEE31}.Release|Any CPU.Build.0 = Release|Any CPU
		{BC4AC7FA-5070-4BAB-80BD-718C64A6EA00}.Debug|Any CPU.ActiveCfg = Debug|Any CPU
		{BC4AC7FA-5070-4BAB-80BD-718C64A6EA00}.Debug|Any CPU.Build.0 = Debug|Any CPU
		{BC4AC7FA-5070-4BAB-80BD-718C64A6EA00}.Release|Any CPU.ActiveCfg = Release|Any CPU
		{BC4AC7FA-5070-4BAB-80BD-718C64A6EA00}.Release|Any CPU.Build.0 = Release|Any CPU
		{D14B1721-93E0-422F-9CD4-CEA3185BC0FF}.Debug|Any CPU.ActiveCfg = Debug|Any CPU
		{D14B1721-93E0-422F-9CD4-CEA3185BC0FF}.Debug|Any CPU.Build.0 = Debug|Any CPU
		{D14B1721-93E0-422F-9CD4-CEA3185BC0FF}.Release|Any CPU.ActiveCfg = Release|Any CPU
		{D14B1721-93E0-422F-9CD4-CEA3185BC0FF}.Release|Any CPU.Build.0 = Release|Any CPU
		{20801C65-F0A2-43A9-BAFF-015F192C78BE}.Debug|Any CPU.ActiveCfg = Debug|Any CPU
		{20801C65-F0A2-43A9-BAFF-015F192C78BE}.Debug|Any CPU.Build.0 = Debug|Any CPU
		{20801C65-F0A2-43A9-BAFF-015F192C78BE}.Release|Any CPU.ActiveCfg = Release|Any CPU
		{20801C65-F0A2-43A9-BAFF-015F192C78BE}.Release|Any CPU.Build.0 = Release|Any CPU
		{0BA72CE5-D9CD-4178-9253-0DF55F44BBC9}.Debug|Any CPU.ActiveCfg = Debug|Any CPU
		{0BA72CE5-D9CD-4178-9253-0DF55F44BBC9}.Debug|Any CPU.Build.0 = Debug|Any CPU
		{0BA72CE5-D9CD-4178-9253-0DF55F44BBC9}.Release|Any CPU.ActiveCfg = Release|Any CPU
		{0BA72CE5-D9CD-4178-9253-0DF55F44BBC9}.Release|Any CPU.Build.0 = Release|Any CPU
		{13B80AA6-0FAE-489F-9DF7-F74CD29317EC}.Debug|Any CPU.ActiveCfg = Debug|Any CPU
		{13B80AA6-0FAE-489F-9DF7-F74CD29317EC}.Debug|Any CPU.Build.0 = Debug|Any CPU
		{13B80AA6-0FAE-489F-9DF7-F74CD29317EC}.Release|Any CPU.ActiveCfg = Release|Any CPU
		{13B80AA6-0FAE-489F-9DF7-F74CD29317EC}.Release|Any CPU.Build.0 = Release|Any CPU
		{0392DC62-8BE8-4B2B-911A-60C8E120DD00}.Debug|Any CPU.ActiveCfg = Debug|Any CPU
		{0392DC62-8BE8-4B2B-911A-60C8E120DD00}.Debug|Any CPU.Build.0 = Debug|Any CPU
		{0392DC62-8BE8-4B2B-911A-60C8E120DD00}.Release|Any CPU.ActiveCfg = Release|Any CPU
		{0392DC62-8BE8-4B2B-911A-60C8E120DD00}.Release|Any CPU.Build.0 = Release|Any CPU
		{B8A1C4BA-A1C1-42C7-BEF8-50A3273F4049}.Debug|Any CPU.ActiveCfg = Debug|Any CPU
		{B8A1C4BA-A1C1-42C7-BEF8-50A3273F4049}.Debug|Any CPU.Build.0 = Debug|Any CPU
		{B8A1C4BA-A1C1-42C7-BEF8-50A3273F4049}.Release|Any CPU.ActiveCfg = Release|Any CPU
		{B8A1C4BA-A1C1-42C7-BEF8-50A3273F4049}.Release|Any CPU.Build.0 = Release|Any CPU
		{1A4D4607-5EAA-4DD6-9A1B-3C68DA0C8467}.Debug|Any CPU.ActiveCfg = Debug|Any CPU
		{1A4D4607-5EAA-4DD6-9A1B-3C68DA0C8467}.Debug|Any CPU.Build.0 = Debug|Any CPU
		{1A4D4607-5EAA-4DD6-9A1B-3C68DA0C8467}.Release|Any CPU.ActiveCfg = Release|Any CPU
		{1A4D4607-5EAA-4DD6-9A1B-3C68DA0C8467}.Release|Any CPU.Build.0 = Release|Any CPU
		{F5784266-9187-440C-ACE0-E51795469575}.Debug|Any CPU.ActiveCfg = Debug|Any CPU
		{F5784266-9187-440C-ACE0-E51795469575}.Debug|Any CPU.Build.0 = Debug|Any CPU
		{F5784266-9187-440C-ACE0-E51795469575}.Release|Any CPU.ActiveCfg = Release|Any CPU
		{F5784266-9187-440C-ACE0-E51795469575}.Release|Any CPU.Build.0 = Release|Any CPU
		{6041BC6D-9E9A-4401-AE66-2E4A0A20A090}.Debug|Any CPU.ActiveCfg = Debug|Any CPU
		{6041BC6D-9E9A-4401-AE66-2E4A0A20A090}.Debug|Any CPU.Build.0 = Debug|Any CPU
		{6041BC6D-9E9A-4401-AE66-2E4A0A20A090}.Release|Any CPU.ActiveCfg = Release|Any CPU
		{6041BC6D-9E9A-4401-AE66-2E4A0A20A090}.Release|Any CPU.Build.0 = Release|Any CPU
		{5202CC75-2B47-4CA8-9A00-9DF1EE61B12B}.Debug|Any CPU.ActiveCfg = Debug|Any CPU
		{5202CC75-2B47-4CA8-9A00-9DF1EE61B12B}.Debug|Any CPU.Build.0 = Debug|Any CPU
		{5202CC75-2B47-4CA8-9A00-9DF1EE61B12B}.Release|Any CPU.ActiveCfg = Release|Any CPU
		{5202CC75-2B47-4CA8-9A00-9DF1EE61B12B}.Release|Any CPU.Build.0 = Release|Any CPU
		{00D92F33-7632-43AD-ADE3-2019B7B962A7}.Debug|Any CPU.ActiveCfg = Debug|Any CPU
		{00D92F33-7632-43AD-ADE3-2019B7B962A7}.Debug|Any CPU.Build.0 = Debug|Any CPU
		{00D92F33-7632-43AD-ADE3-2019B7B962A7}.Release|Any CPU.ActiveCfg = Release|Any CPU
		{00D92F33-7632-43AD-ADE3-2019B7B962A7}.Release|Any CPU.Build.0 = Release|Any CPU
		{9CBE997B-42F3-4072-82EF-17886E564022}.Debug|Any CPU.ActiveCfg = Debug|Any CPU
		{9CBE997B-42F3-4072-82EF-17886E564022}.Debug|Any CPU.Build.0 = Debug|Any CPU
		{9CBE997B-42F3-4072-82EF-17886E564022}.Release|Any CPU.ActiveCfg = Release|Any CPU
		{9CBE997B-42F3-4072-82EF-17886E564022}.Release|Any CPU.Build.0 = Release|Any CPU
		{9538CC32-A189-400F-8BDE-16374D9445C1}.Debug|Any CPU.ActiveCfg = Debug|Any CPU
		{9538CC32-A189-400F-8BDE-16374D9445C1}.Debug|Any CPU.Build.0 = Debug|Any CPU
		{9538CC32-A189-400F-8BDE-16374D9445C1}.Release|Any CPU.ActiveCfg = Release|Any CPU
		{9538CC32-A189-400F-8BDE-16374D9445C1}.Release|Any CPU.Build.0 = Release|Any CPU
		{B2D9C541-7635-42F4-9F73-527D3681099E}.Debug|Any CPU.ActiveCfg = Debug|Any CPU
		{B2D9C541-7635-42F4-9F73-527D3681099E}.Debug|Any CPU.Build.0 = Debug|Any CPU
		{B2D9C541-7635-42F4-9F73-527D3681099E}.Release|Any CPU.ActiveCfg = Release|Any CPU
		{B2D9C541-7635-42F4-9F73-527D3681099E}.Release|Any CPU.Build.0 = Release|Any CPU
		{D59EA071-B659-45BB-8E58-09049C76CE27}.Debug|Any CPU.ActiveCfg = Debug|Any CPU
		{D59EA071-B659-45BB-8E58-09049C76CE27}.Debug|Any CPU.Build.0 = Debug|Any CPU
		{D59EA071-B659-45BB-8E58-09049C76CE27}.Release|Any CPU.ActiveCfg = Release|Any CPU
		{D59EA071-B659-45BB-8E58-09049C76CE27}.Release|Any CPU.Build.0 = Release|Any CPU
		{3961ECEA-DDB0-4855-8FCA-EAF6180B3E33}.Debug|Any CPU.ActiveCfg = Debug|Any CPU
		{3961ECEA-DDB0-4855-8FCA-EAF6180B3E33}.Debug|Any CPU.Build.0 = Debug|Any CPU
		{3961ECEA-DDB0-4855-8FCA-EAF6180B3E33}.Release|Any CPU.ActiveCfg = Release|Any CPU
		{3961ECEA-DDB0-4855-8FCA-EAF6180B3E33}.Release|Any CPU.Build.0 = Release|Any CPU
	EndGlobalSection
	GlobalSection(SolutionProperties) = preSolution
		HideSolutionNode = FALSE
	EndGlobalSection
	GlobalSection(ExtensibilityGlobals) = postSolution
		SolutionGuid = {A97B3CF1-A5EB-47F6-85D4-BC9FD9AD577F}
	EndGlobalSection
EndGlobal
