
Microsoft Visual Studio Solution File, Format Version 12.00
# Visual Studio Version 17
VisualStudioVersion = 17.10.35013.160
MinimumVisualStudioVersion = 10.0.40219.1
Project("{9A19103F-16F7-4668-BE54-9A1E7A4F7556}") = "MigratoryBirds", "MigratoryBirds\MigratoryBirds.csproj", "{140C12C8-8ED9-4853-B6C5-E7D3552D7577}"
EndProject
Project("{9A19103F-16F7-4668-BE54-9A1E7A4F7556}") = "Encryption", "Encryption\Encryption.csproj", "{8EDC356C-3CF3-46D9-825F-5AFA6E470A68}"
EndProject
Project("{9A19103F-16F7-4668-BE54-9A1E7A4F7556}") = "ClimbingLeaderboard", "ClimbingLeaderboard\ClimbingLeaderboard.csproj", "{CAE24249-8853-4409-9048-6568823C3E60}"
EndProject
Project("{9A19103F-16F7-4668-BE54-9A1E7A4F7556}") = "CircularArrayRotation", "CircularArrayRotation\CircularArrayRotation.csproj", "{8BD2887E-21F8-4BD2-88F1-A569F8EDE399}"
EndProject
Project("{9A19103F-16F7-4668-BE54-9A1E7A4F7556}") = "ExtraLongFactorials", "ExtraLongFactorials\ExtraLongFactorials.csproj", "{08F09AA8-7600-42B9-8C61-1C55AD90DEA1}"
EndProject
Project("{9A19103F-16F7-4668-BE54-9A1E7A4F7556}") = "FlatlandSpaceStations", "FlatlandSpaceStations\FlatlandSpaceStations.csproj", "{BE1A136B-0044-41AC-B7B8-920C875737C1}"
EndProject
Project("{9A19103F-16F7-4668-BE54-9A1E7A4F7556}") = "1360.NumberofDaysBetweenTwoDates", "1360.NumberofDaysBetweenTwoDates\1360.NumberofDaysBetweenTwoDates.csproj", "{11C2F972-4A0D-49D7-AB5A-672075C778EA}"
EndProject
Project("{FAE04EC0-301F-11D3-BF4B-00C04F79EFBC}") = "125.ValidPalindrome", "125.ValidPalindrome\125.ValidPalindrome.csproj", "{1D8E396B-6F8E-408C-927C-4BDF2F7ADDB1}"
EndProject
Project("{FAE04EC0-301F-11D3-BF4B-00C04F79EFBC}") = "121.BestTimetoBuyandSellStock", "121.BestTimetoBuyandSellStock\121.BestTimetoBuyandSellStock.csproj", "{0B23211F-E48B-4028-88A7-B7C31599B59C}"
EndProject
Project("{FAE04EC0-301F-11D3-BF4B-00C04F79EFBC}") = "1991.FindtheMiddleIndexinArray", "1991.FindtheMiddleIndexinArray\1991.FindtheMiddleIndexinArray.csproj", "{7BD157A6-84BA-471C-B574-8F5F431D5FCE}"
EndProject
Project("{FAE04EC0-301F-11D3-BF4B-00C04F79EFBC}") = "143.ReorderList", "143.ReorderList\143.ReorderList.csproj", "{F00943D4-6636-413D-BA95-F16F53AC927C}"
EndProject
Project("{FAE04EC0-301F-11D3-BF4B-00C04F79EFBC}") = "21.MergeTwoSortedLists", "21.MergeTwoSortedLists\21.MergeTwoSortedLists.csproj", "{1A8EAB66-CAAA-4FCE-8F6D-E1199034F2DB}"
EndProject
Global
	GlobalSection(SolutionConfigurationPlatforms) = preSolution
		Debug|Any CPU = Debug|Any CPU
		Release|Any CPU = Release|Any CPU
	EndGlobalSection
	GlobalSection(ProjectConfigurationPlatforms) = postSolution
		{140C12C8-8ED9-4853-B6C5-E7D3552D7577}.Debug|Any CPU.ActiveCfg = Debug|Any CPU
		{140C12C8-8ED9-4853-B6C5-E7D3552D7577}.Debug|Any CPU.Build.0 = Debug|Any CPU
		{140C12C8-8ED9-4853-B6C5-E7D3552D7577}.Release|Any CPU.ActiveCfg = Release|Any CPU
		{140C12C8-8ED9-4853-B6C5-E7D3552D7577}.Release|Any CPU.Build.0 = Release|Any CPU
		{8EDC356C-3CF3-46D9-825F-5AFA6E470A68}.Debug|Any CPU.ActiveCfg = Debug|Any CPU
		{8EDC356C-3CF3-46D9-825F-5AFA6E470A68}.Debug|Any CPU.Build.0 = Debug|Any CPU
		{8EDC356C-3CF3-46D9-825F-5AFA6E470A68}.Release|Any CPU.ActiveCfg = Release|Any CPU
		{8EDC356C-3CF3-46D9-825F-5AFA6E470A68}.Release|Any CPU.Build.0 = Release|Any CPU
		{CAE24249-8853-4409-9048-6568823C3E60}.Debug|Any CPU.ActiveCfg = Debug|Any CPU
		{CAE24249-8853-4409-9048-6568823C3E60}.Debug|Any CPU.Build.0 = Debug|Any CPU
		{CAE24249-8853-4409-9048-6568823C3E60}.Release|Any CPU.ActiveCfg = Release|Any CPU
		{CAE24249-8853-4409-9048-6568823C3E60}.Release|Any CPU.Build.0 = Release|Any CPU
		{8BD2887E-21F8-4BD2-88F1-A569F8EDE399}.Debug|Any CPU.ActiveCfg = Debug|Any CPU
		{8BD2887E-21F8-4BD2-88F1-A569F8EDE399}.Debug|Any CPU.Build.0 = Debug|Any CPU
		{8BD2887E-21F8-4BD2-88F1-A569F8EDE399}.Release|Any CPU.ActiveCfg = Release|Any CPU
		{8BD2887E-21F8-4BD2-88F1-A569F8EDE399}.Release|Any CPU.Build.0 = Release|Any CPU
		{08F09AA8-7600-42B9-8C61-1C55AD90DEA1}.Debug|Any CPU.ActiveCfg = Debug|Any CPU
		{08F09AA8-7600-42B9-8C61-1C55AD90DEA1}.Debug|Any CPU.Build.0 = Debug|Any CPU
		{08F09AA8-7600-42B9-8C61-1C55AD90DEA1}.Release|Any CPU.ActiveCfg = Release|Any CPU
		{08F09AA8-7600-42B9-8C61-1C55AD90DEA1}.Release|Any CPU.Build.0 = Release|Any CPU
		{BE1A136B-0044-41AC-B7B8-920C875737C1}.Debug|Any CPU.ActiveCfg = Debug|Any CPU
		{BE1A136B-0044-41AC-B7B8-920C875737C1}.Debug|Any CPU.Build.0 = Debug|Any CPU
		{BE1A136B-0044-41AC-B7B8-920C875737C1}.Release|Any CPU.ActiveCfg = Release|Any CPU
		{BE1A136B-0044-41AC-B7B8-920C875737C1}.Release|Any CPU.Build.0 = Release|Any CPU
		{11C2F972-4A0D-49D7-AB5A-672075C778EA}.Debug|Any CPU.ActiveCfg = Debug|Any CPU
		{11C2F972-4A0D-49D7-AB5A-672075C778EA}.Debug|Any CPU.Build.0 = Debug|Any CPU
		{11C2F972-4A0D-49D7-AB5A-672075C778EA}.Release|Any CPU.ActiveCfg = Release|Any CPU
		{11C2F972-4A0D-49D7-AB5A-672075C778EA}.Release|Any CPU.Build.0 = Release|Any CPU
		{1D8E396B-6F8E-408C-927C-4BDF2F7ADDB1}.Debug|Any CPU.ActiveCfg = Debug|Any CPU
		{1D8E396B-6F8E-408C-927C-4BDF2F7ADDB1}.Debug|Any CPU.Build.0 = Debug|Any CPU
		{1D8E396B-6F8E-408C-927C-4BDF2F7ADDB1}.Release|Any CPU.ActiveCfg = Release|Any CPU
		{1D8E396B-6F8E-408C-927C-4BDF2F7ADDB1}.Release|Any CPU.Build.0 = Release|Any CPU
		{0B23211F-E48B-4028-88A7-B7C31599B59C}.Debug|Any CPU.ActiveCfg = Debug|Any CPU
		{0B23211F-E48B-4028-88A7-B7C31599B59C}.Debug|Any CPU.Build.0 = Debug|Any CPU
		{0B23211F-E48B-4028-88A7-B7C31599B59C}.Release|Any CPU.ActiveCfg = Release|Any CPU
		{0B23211F-E48B-4028-88A7-B7C31599B59C}.Release|Any CPU.Build.0 = Release|Any CPU
		{7BD157A6-84BA-471C-B574-8F5F431D5FCE}.Debug|Any CPU.ActiveCfg = Debug|Any CPU
		{7BD157A6-84BA-471C-B574-8F5F431D5FCE}.Debug|Any CPU.Build.0 = Debug|Any CPU
		{7BD157A6-84BA-471C-B574-8F5F431D5FCE}.Release|Any CPU.ActiveCfg = Release|Any CPU
		{7BD157A6-84BA-471C-B574-8F5F431D5FCE}.Release|Any CPU.Build.0 = Release|Any CPU
		{F00943D4-6636-413D-BA95-F16F53AC927C}.Debug|Any CPU.ActiveCfg = Debug|Any CPU
		{F00943D4-6636-413D-BA95-F16F53AC927C}.Debug|Any CPU.Build.0 = Debug|Any CPU
		{F00943D4-6636-413D-BA95-F16F53AC927C}.Release|Any CPU.ActiveCfg = Release|Any CPU
		{F00943D4-6636-413D-BA95-F16F53AC927C}.Release|Any CPU.Build.0 = Release|Any CPU
		{1A8EAB66-CAAA-4FCE-8F6D-E1199034F2DB}.Debug|Any CPU.ActiveCfg = Debug|Any CPU
		{1A8EAB66-CAAA-4FCE-8F6D-E1199034F2DB}.Debug|Any CPU.Build.0 = Debug|Any CPU
		{1A8EAB66-CAAA-4FCE-8F6D-E1199034F2DB}.Release|Any CPU.ActiveCfg = Release|Any CPU
		{1A8EAB66-CAAA-4FCE-8F6D-E1199034F2DB}.Release|Any CPU.Build.0 = Release|Any CPU
	EndGlobalSection
	GlobalSection(SolutionProperties) = preSolution
		HideSolutionNode = FALSE
	EndGlobalSection
	GlobalSection(ExtensibilityGlobals) = postSolution
		SolutionGuid = {A97B3CF1-A5EB-47F6-85D4-BC9FD9AD577F}
	EndGlobalSection
EndGlobal
